
Microsoft Visual Studio Solution File, Format Version 12.00
# Visual Studio Version 17
VisualStudioVersion = 17.3.32922.545
MinimumVisualStudioVersion = 10.0.40219.1
Project("{FAE04EC0-301F-11D3-BF4B-00C04F79EFBC}") = "zoo", "zoo\zoo.csproj", "{E83E61D4-BF7A-4089-8217-ADC90DC93753}"
EndProject
Global
	GlobalSection(SolutionConfigurationPlatforms) = preSolution
		Debug|Any CPU = Debug|Any CPU
		Release|Any CPU = Release|Any CPU
	EndGlobalSection
	GlobalSection(ProjectConfigurationPlatforms) = postSolution
		{E83E61D4-BF7A-4089-8217-ADC90DC93753}.Debug|Any CPU.ActiveCfg = Debug|Any CPU
		{E83E61D4-BF7A-4089-8217-ADC90DC93753}.Debug|Any CPU.Build.0 = Debug|Any CPU
		{E83E61D4-BF7A-4089-8217-ADC90DC93753}.Release|Any CPU.ActiveCfg = Release|Any CPU
		{E83E61D4-BF7A-4089-8217-ADC90DC93753}.Release|Any CPU.Build.0 = Release|Any CPU
	EndGlobalSection
	GlobalSection(SolutionProperties) = preSolution
		HideSolutionNode = FALSE
	EndGlobalSection
	GlobalSection(ExtensibilityGlobals) = postSolution
		SolutionGuid = {E5B02CF3-2E10-439E-88C1-0B0298C4D0F3}
	EndGlobalSection
EndGlobal
